# THIS IS AN AUTOGENERATED FILE. DO NOT EDIT THIS FILE DIRECTLY.
# yarn lockfile v1


async@^2.6.0:
  version "2.6.0"
  resolved "https://registry.yarnpkg.com/async/-/async-2.6.0.tgz#61a29abb6fcc026fea77e56d1c6ec53a795951f4"
  dependencies:
    lodash "^4.14.0"

js-type-checker@^1.0.0:
  version "1.0.0"
  resolved "https://registry.yarnpkg.com/js-type-checker/-/js-type-checker-1.0.0.tgz#b992b7260fda9a4a699a2833605d08bd01442e9b"
  dependencies:
    async "^2.6.0"

lodash@^4.14.0:
  version "4.17.4"
  resolved "https://registry.yarnpkg.com/lodash/-/lodash-4.17.4.tgz#78203a4d1c328ae1d86dca6460e369b57f4055ae"
